{
  "pins" : [
    {
      "identity" : "google-cast-sdk",
      "kind" : "remoteSourceControl",
      "location" : "https://github.com/SRGSSR/google-cast-sdk.git",
      "state" : {
        "revision" : "516f7111116bc412230309636842d3bbf77efdd8",
        "version" : "4.8.4"
      }
    },
    {
      "identity" : "screenprotectorkit",
      "kind" : "remoteSourceControl",
      "location" : "https://github.com/prongbang/ScreenProtectorKit.git",
      "state" : {
        "revision" : "1d00d802ed3b919988e273072052388e32a92920",
        "version" : "1.5.1"
      }
    },
    {
      "identity" : "swift-package-manager-google-interactive-media-ads-ios",
      "kind" : "remoteSourceControl",
      "location" : "https://github.com/googleads/swift-package-manager-google-interactive-media-ads-ios",
      "state" : {
        "revision" : "db4cbeb8c39f7c0fa2a28c52897e75288f6a3eaf",
        "version" : "3.27.4"
      }
    }
  ],
  "version" : 2
}
